{
  "pins" : [
    {
      "identity" : "swiftopenai",
      "kind" : "remoteSourceControl",
      "location" : "https://github.com/jamesrochabrun/SwiftOpenAI",
      "state" : {
        "branch" : "main",
        "revision" : "3572fa43e05c2adb24e12979c369f9019b02691b"
      }
    }
  ],
  "version" : 2
}
